
Microsoft Visual Studio Solution File, Format Version 12.00
# Visual Studio Version 17
VisualStudioVersion = 17.14.36414.22 d17.14
MinimumVisualStudioVersion = 10.0.40219.1
Project("{FAE04EC0-301F-11D3-BF4B-00C04F79EFBC}") = "LINQexample", "LINQexample.csproj", "{AA7FB54B-F95C-48E6-AD80-55C3DCBE2224}"
EndProject
Global
	GlobalSection(SolutionConfigurationPlatforms) = preSolution
		Debug|Any CPU = Debug|Any CPU
		Release|Any CPU = Release|Any CPU
	EndGlobalSection
	GlobalSection(ProjectConfigurationPlatforms) = postSolution
		{AA7FB54B-F95C-48E6-AD80-55C3DCBE2224}.Debug|Any CPU.ActiveCfg = Debug|Any CPU
		{AA7FB54B-F95C-48E6-AD80-55C3DCBE2224}.Debug|Any CPU.Build.0 = Debug|Any CPU
		{AA7FB54B-F95C-48E6-AD80-55C3DCBE2224}.Release|Any CPU.ActiveCfg = Release|Any CPU
		{AA7FB54B-F95C-48E6-AD80-55C3DCBE2224}.Release|Any CPU.Build.0 = Release|Any CPU
	EndGlobalSection
	GlobalSection(SolutionProperties) = preSolution
		HideSolutionNode = FALSE
	EndGlobalSection
	GlobalSection(ExtensibilityGlobals) = postSolution
		SolutionGuid = {AA8141B3-C8E9-4706-AA46-C8174D0E7BB3}
	EndGlobalSection
EndGlobal
